{
  "name": "vue-cli-plugin-sitemap",
  "version": "1.0.0",
  "lockfileVersion": 1,
  "requires": true,
  "dependencies": {
    "eslint-plugin-smarter-tabs": {
      "version": "1.1.0",
      "resolved": "https://registry.npmjs.org/eslint-plugin-smarter-tabs/-/eslint-plugin-smarter-tabs-1.1.0.tgz",
      "integrity": "sha512-z9i0xs+arXbzGtIyg/BU/J07p60cK7aUU8zfezvCl41Z2l0Cw08SKMwmB7oeJnpLeP4bSTzS4OY54wNHZc40vQ==",
      "dev": true
    }
  }
}
